// !$*UTF8*$!
{
	archiveVersion = 1;
	classes = {
	};
	objectVersion = 46;
	objects = {

/* Begin PBXBuildFile section */
		EFAFB00F1D0A33E5009B222A /* AppDelegate.swift in Sources */ = {isa = PBXBuildFile; fileRef = EFAFB00E1D0A33E5009B222A /* AppDelegate.swift */; };
		EFAFB0111D0A33E5009B222A /* MasterViewController.swift in Sources */ = {isa = PBXBuildFile; fileRef = EFAFB0101D0A33E5009B222A /* MasterViewController.swift */; };
		EFAFB0131D0A33E5009B222A /* DetailViewController.swift in Sources */ = {isa = PBXBuildFile; fileRef = EFAFB0121D0A33E5009B222A /* DetailViewController.swift */; };
		EFAFB0161D0A33E5009B222A /* Main.storyboard in Resources */ = {isa = PBXBuildFile; fileRef = EFAFB0141D0A33E5009B222A /* Main.storyboard */; };
		EFAFB0181D0A33E5009B222A /* Assets.xcassets in Resources */ = {isa = PBXBuildFile; fileRef = EFAFB0171D0A33E5009B222A /* Assets.xcassets */; };
		EFAFB01B1D0A33E5009B222A /* LaunchScreen.storyboard in Resources */ = {isa = PBXBuildFile; fileRef = EFAFB0191D0A33E5009B222A /* LaunchScreen.storyboard */; };
		EFAFB0261D0A33E5009B222A /* PartyOnTests.swift in Sources */ = {isa = PBXBuildFile; fileRef = EFAFB0251D0A33E5009B222A /* PartyOnTests.swift */; };
/* End PBXBuildFile section */

/* Begin PBXContainerItemProxy section */
		EFAFB0221D0A33E5009B222A /* PBXContainerItemProxy */ = {
			isa = PBXContainerItemProxy;
			containerPortal = EFAFB0031D0A33E4009B222A /* Project object */;
			proxyType = 1;
			remoteGlobalIDString = EFAFB00A1D0A33E4009B222A;
			remoteInfo = PartyOn;
		};
/* End PBXContainerItemProxy section */

/* Begin PBXFileReference section */
		EFAFB00B1D0A33E5009B222A /* PartyOn.app */ = {isa = PBXFileReference; explicitFileType = wrapper.application; includeInIndex = 0; path = PartyOn.app; sourceTree = BUILT_PRODUCTS_DIR; };
		EFAFB00E1D0A33E5009B222A /* AppDelegate.swift */ = {isa = PBXFileReference; lastKnownFileType = sourcecode.swift; path = AppDelegate.swift; sourceTree = "<group>"; };
		EFAFB0101D0A33E5009B222A /* MasterViewController.swift */ = {isa = PBXFileReference; lastKnownFileType = sourcecode.swift; path = MasterViewController.swift; sourceTree = "<group>"; };
		EFAFB0121D0A33E5009B222A /* DetailViewController.swift */ = {isa = PBXFileReference; lastKnownFileType = sourcecode.swift; path = DetailViewController.swift; sourceTree = "<group>"; };
		EFAFB0151D0A33E5009B222A /* Base */ = {isa = PBXFileReference; lastKnownFileType = file.storyboard; name = Base; path = Base.lproj/Main.storyboard; sourceTree = "<group>"; };
		EFAFB0171D0A33E5009B222A /* Assets.xcassets */ = {isa = PBXFileReference; lastKnownFileType = folder.assetcatalog; path = Assets.xcassets; sourceTree = "<group>"; };
		EFAFB01A1D0A33E5009B222A /* Base */ = {isa = PBXFileReference; lastKnownFileType = file.storyboard; name = Base; path = Base.lproj/LaunchScreen.storyboard; sourceTree = "<group>"; };
		EFAFB01C1D0A33E5009B222A /* Info.plist */ = {isa = PBXFileReference; lastKnownFileType = text.plist.xml; path = Info.plist; sourceTree = "<group>"; };
		EFAFB0211D0A33E5009B222A /* PartyOnTests.xctest */ = {isa = PBXFileReference; explicitFileType = wrapper.cfbundle; includeInIndex = 0; path = PartyOnTests.xctest; sourceTree = BUILT_PRODUCTS_DIR; };
		EFAFB0251D0A33E5009B222A /* PartyOnTests.swift */ = {isa = PBXFileReference; lastKnownFileType = sourcecode.swift; path = PartyOnTests.swift; sourceTree = "<group>"; };
		EFAFB0271D0A33E5009B222A /* Info.plist */ = {isa = PBXFileReference; lastKnownFileType = text.plist.xml; path = Info.plist; sourceTree = "<group>"; };
/* End PBXFileReference section */

/* Begin PBXFrameworksBuildPhase section */
		EFAFB0081D0A33E4009B222A /* Frameworks */ = {
			isa = PBXFrameworksBuildPhase;
			buildActionMask = 2147483647;
			files = (
			);
			runOnlyForDeploymentPostprocessing = 0;
		};
		EFAFB01E1D0A33E5009B222A /* Frameworks */ = {
			isa = PBXFrameworksBuildPhase;
			buildActionMask = 2147483647;
			files = (
			);
			runOnlyForDeploymentPostprocessing = 0;
		};
/* End PBXFrameworksBuildPhase section */

/* Begin PBXGroup section */
		EFAFB0021D0A33E4009B222A = {
			isa = PBXGroup;
			children = (
				EFAFB00D1D0A33E5009B222A /* PartyOn */,
				EFAFB0241D0A33E5009B222A /* PartyOnTests */,
				EFAFB00C1D0A33E5009B222A /* Products */,
			);
			sourceTree = "<group>";
		};
		EFAFB00C1D0A33E5009B222A /* Products */ = {
			isa = PBXGroup;
			children = (
				EFAFB00B1D0A33E5009B222A /* PartyOn.app */,
				EFAFB0211D0A33E5009B222A /* PartyOnTests.xctest */,
			);
			name = Products;
			sourceTree = "<group>";
		};
		EFAFB00D1D0A33E5009B222A /* PartyOn */ = {
			isa = PBXGroup;
			children = (
				EFAFB00E1D0A33E5009B222A /* AppDelegate.swift */,
				EFAFB0101D0A33E5009B222A /* MasterViewController.swift */,
				EFAFB0121D0A33E5009B222A /* DetailViewController.swift */,
				EFAFB0141D0A33E5009B222A /* Main.storyboard */,
				EFAFB0171D0A33E5009B222A /* Assets.xcassets */,
				EFAFB0191D0A33E5009B222A /* LaunchScreen.storyboard */,
				EFAFB01C1D0A33E5009B222A /* Info.plist */,
			);
			path = PartyOn;
			sourceTree = "<group>";
		};
		EFAFB0241D0A33E5009B222A /* PartyOnTests */ = {
			isa = PBXGroup;
			children = (
				EFAFB0251D0A33E5009B222A /* PartyOnTests.swift */,
				EFAFB0271D0A33E5009B222A /* Info.plist */,
			);
			path = PartyOnTests;
			sourceTree = "<group>";
		};
/* End PBXGroup section */

/* Begin PBXNativeTarget section */
		EFAFB00A1D0A33E4009B222A /* PartyOn */ = {
			isa = PBXNativeTarget;
			buildConfigurationList = EFAFB02A1D0A33E5009B222A /* Build configuration list for PBXNativeTarget "PartyOn" */;
			buildPhases = (
				EFAFB0071D0A33E4009B222A /* Sources */,
				EFAFB0081D0A33E4009B222A /* Frameworks */,
				EFAFB0091D0A33E4009B222A /* Resources */,
			);
			buildRules = (
			);
			dependencies = (
			);
			name = PartyOn;
			productName = PartyOn;
			productReference = EFAFB00B1D0A33E5009B222A /* PartyOn.app */;
			productType = "com.apple.product-type.application";
		};
		EFAFB0201D0A33E5009B222A /* PartyOnTests */ = {
			isa = PBXNativeTarget;
			buildConfigurationList = EFAFB02D1D0A33E5009B222A /* Build configuration list for PBXNativeTarget "PartyOnTests" */;
			buildPhases = (
				EFAFB01D1D0A33E5009B222A /* Sources */,
				EFAFB01E1D0A33E5009B222A /* Frameworks */,
				EFAFB01F1D0A33E5009B222A /* Resources */,
			);
			buildRules = (
			);
			dependencies = (
				EFAFB0231D0A33E5009B222A /* PBXTargetDependency */,
			);
			name = PartyOnTests;
			productName = PartyOnTests;
			productReference = EFAFB0211D0A33E5009B222A /* PartyOnTests.xctest */;
			productType = "com.apple.product-type.bundle.unit-test";
		};
/* End PBXNativeTarget section */

/* Begin PBXProject section */
		EFAFB0031D0A33E4009B222A /* Project object */ = {
			isa = PBXProject;
			attributes = {
				LastSwiftUpdateCheck = 0730;
				LastUpgradeCheck = 0730;
				ORGANIZATIONNAME = "Carnegie Mellon University";
				TargetAttributes = {
					EFAFB00A1D0A33E4009B222A = {
						CreatedOnToolsVersion = 7.3.1;
					};
					EFAFB0201D0A33E5009B222A = {
						CreatedOnToolsVersion = 7.3.1;
						TestTargetID = EFAFB00A1D0A33E4009B222A;
					};
				};
			};
			buildConfigurationList = EFAFB0061D0A33E4009B222A /* Build configuration list for PBXProject "PartyOn" */;
			compatibilityVersion = "Xcode 3.2";
			developmentRegion = English;
			hasScannedForEncodings = 0;
			knownRegions = (
				en,
				Base,
			);
			mainGroup = EFAFB0021D0A33E4009B222A;
			productRefGroup = EFAFB00C1D0A33E5009B222A /* Products */;
			projectDirPath = "";
			projectRoot = "";
			targets = (
				EFAFB00A1D0A33E4009B222A /* PartyOn */,
				EFAFB0201D0A33E5009B222A /* PartyOnTests */,
			);
		};
/* End PBXProject section */

/* Begin PBXResourcesBuildPhase section */
		EFAFB0091D0A33E4009B222A /* Resources */ = {
			isa = PBXResourcesBuildPhase;
			buildActionMask = 2147483647;
			files = (
				EFAFB01B1D0A33E5009B222A /* LaunchScreen.storyboard in Resources */,
				EFAFB0181D0A33E5009B222A /* Assets.xcassets in Resources */,
				EFAFB0161D0A33E5009B222A /* Main.storyboard in Resources */,
			);
			runOnlyForDeploymentPostprocessing = 0;
		};
		EFAFB01F1D0A33E5009B222A /* Resources */ = {
			isa = PBXResourcesBuildPhase;
			buildActionMask = 2147483647;
			files = (
			);
			runOnlyForDeploymentPostprocessing = 0;
		};
/* End PBXResourcesBuildPhase section */

/* Begin PBXSourcesBuildPhase section */
		EFAFB0071D0A33E4009B222A /* Sources */ = {
			isa = PBXSourcesBuildPhase;
			buildActionMask = 2147483647;
			files = (
				EFAFB0131D0A33E5009B222A /* DetailViewController.swift in Sources */,
				EFAFB0111D0A33E5009B222A /* MasterViewController.swift in Sources */,
				EFAFB00F1D0A33E5009B222A /* AppDelegate.swift in Sources */,
			);
			runOnlyForDeploymentPostprocessing = 0;
		};
		EFAFB01D1D0A33E5009B222A /* Sources */ = {
			isa = PBXSourcesBuildPhase;
			buildActionMask = 2147483647;
			files = (
				EFAFB0261D0A33E5009B222A /* PartyOnTests.swift in Sources */,
			);
			runOnlyForDeploymentPostprocessing = 0;
		};
/* End PBXSourcesBuildPhase section */

/* Begin PBXTargetDependency section */
		EFAFB0231D0A33E5009B222A /* PBXTargetDependency */ = {
			isa = PBXTargetDependency;
			target = EFAFB00A1D0A33E4009B222A /* PartyOn */;
			targetProxy = EFAFB0221D0A33E5009B222A /* PBXContainerItemProxy */;
		};
/* End PBXTargetDependency section */

/* Begin PBXVariantGroup section */
		EFAFB0141D0A33E5009B222A /* Main.storyboard */ = {
			isa = PBXVariantGroup;
			children = (
				EFAFB0151D0A33E5009B222A /* Base */,
			);
			name = Main.storyboard;
			sourceTree = "<group>";
		};
		EFAFB0191D0A33E5009B222A /* LaunchScreen.storyboard */ = {
			isa = PBXVariantGroup;
			children = (
				EFAFB01A1D0A33E5009B222A /* Base */,
			);
			name = LaunchScreen.storyboard;
			sourceTree = "<group>";
		};
/* End PBXVariantGroup section */

/* Begin XCBuildConfiguration section */
		EFAFB0281D0A33E5009B222A /* Debug */ = {
			isa = XCBuildConfiguration;
			buildSettings = {
				ALWAYS_SEARCH_USER_PATHS = NO;
				CLANG_ANALYZER_NONNULL = YES;
				CLANG_CXX_LANGUAGE_STANDARD = "gnu++0x";
				CLANG_CXX_LIBRARY = "libc++";
				CLANG_ENABLE_MODULES = YES;
				CLANG_ENABLE_OBJC_ARC = YES;
				CLANG_WARN_BOOL_CONVERSION = YES;
				CLANG_WARN_CONSTANT_CONVERSION = YES;
				CLANG_WARN_DIRECT_OBJC_ISA_USAGE = YES_ERROR;
				CLANG_WARN_EMPTY_BODY = YES;
				CLANG_WARN_ENUM_CONVERSION = YES;
				CLANG_WARN_INT_CONVERSION = YES;
				CLANG_WARN_OBJC_ROOT_CLASS = YES_ERROR;
				CLANG_WARN_UNREACHABLE_CODE = YES;
				CLANG_WARN__DUPLICATE_METHOD_MATCH = YES;
				"CODE_SIGN_IDENTITY[sdk=iphoneos*]" = "iPhone Developer";
				COPY_PHASE_STRIP = NO;
				DEBUG_INFORMATION_FORMAT = dwarf;
				ENABLE_STRICT_OBJC_MSGSEND = YES;
				ENABLE_TESTABILITY = YES;
				GCC_C_LANGUAGE_STANDARD = gnu99;
				GCC_DYNAMIC_NO_PIC = NO;
				GCC_NO_COMMON_BLOCKS = YES;
				GCC_OPTIMIZATION_LEVEL = 0;
				GCC_PREPROCESSOR_DEFINITIONS = (
					"DEBUG=1",
					"$(inherited)",
				);
				GCC_WARN_64_TO_32_BIT_CONVERSION = YES;
				GCC_WARN_ABOUT_RETURN_TYPE = YES_ERROR;
				GCC_WARN_UNDECLARED_SELECTOR = YES;
				GCC_WARN_UNINITIALIZED_AUTOS = YES_AGGRESSIVE;
				GCC_WARN_UNUSED_FUNCTION = YES;
				GCC_WARN_UNUSED_VARIABLE = YES;
				IPHONEOS_DEPLOYMENT_TARGET = 9.3;
				MTL_ENABLE_DEBUG_INFO = YES;
				ONLY_ACTIVE_ARCH = YES;
				SDKROOT = iphoneos;
				SWIFT_OPTIMIZATION_LEVEL = "-Onone";
				TARGETED_DEVICE_FAMILY = "1,2";
			};
			name = Debug;
		};
		EFAFB0291D0A33E5009B222A /* Release */ = {
			isa = XCBuildConfiguration;
			buildSettings = {
				ALWAYS_SEARCH_USER_PATHS = NO;
				CLANG_ANALYZER_NONNULL = YES;
				CLANG_CXX_LANGUAGE_STANDARD = "gnu++0x";
				CLANG_CXX_LIBRARY = "libc++";
				CLANG_ENABLE_MODULES = YES;
				CLANG_ENABLE_OBJC_ARC = YES;
				CLANG_WARN_BOOL_CONVERSION = YES;
				CLANG_WARN_CONSTANT_CONVERSION = YES;
				CLANG_WARN_DIRECT_OBJC_ISA_USAGE = YES_ERROR;
				CLANG_WARN_EMPTY_BODY = YES;
				CLANG_WARN_ENUM_CONVERSION = YES;
				CLANG_WARN_INT_CONVERSION = YES;
				CLANG_WARN_OBJC_ROOT_CLASS = YES_ERROR;
				CLANG_WARN_UNREACHABLE_CODE = YES;
				CLANG_WARN__DUPLICATE_METHOD_MATCH = YES;
				"CODE_SIGN_IDENTITY[sdk=iphoneos*]" = "iPhone Developer";
				COPY_PHASE_STRIP = NO;
				DEBUG_INFORMATION_FORMAT = "dwarf-with-dsym";
				ENABLE_NS_ASSERTIONS = NO;
				ENABLE_STRICT_OBJC_MSGSEND = YES;
				GCC_C_LANGUAGE_STANDARD = gnu99;
				GCC_NO_COMMON_BLOCKS = YES;
				GCC_WARN_64_TO_32_BIT_CONVERSION = YES;
				GCC_WARN_ABOUT_RETURN_TYPE = YES_ERROR;
				GCC_WARN_UNDECLARED_SELECTOR = YES;
				GCC_WARN_UNINITIALIZED_AUTOS = YES_AGGRESSIVE;
				GCC_WARN_UNUSED_FUNCTION = YES;
				GCC_WARN_UNUSED_VARIABLE = YES;
				IPHONEOS_DEPLOYMENT_TARGET = 9.3;
				MTL_ENABLE_DEBUG_INFO = NO;
				SDKROOT = iphoneos;
				TARGETED_DEVICE_FAMILY = "1,2";
				VALIDATE_PRODUCT = YES;
			};
			name = Release;
		};
		EFAFB02B1D0A33E5009B222A /* Debug */ = {
			isa = XCBuildConfiguration;
			buildSettings = {
				ASSETCATALOG_COMPILER_APPICON_NAME = AppIcon;
				INFOPLIST_FILE = PartyOn/Info.plist;
				LD_RUNPATH_SEARCH_PATHS = "$(inherited) @executable_path/Frameworks";
				PRODUCT_BUNDLE_IDENTIFIER = teamname.PartyOn;
				PRODUCT_NAME = "$(TARGET_NAME)";
			};
			name = Debug;
		};
		EFAFB02C1D0A33E5009B222A /* Release */ = {
			isa = XCBuildConfiguration;
			buildSettings = {
				ASSETCATALOG_COMPILER_APPICON_NAME = AppIcon;
				INFOPLIST_FILE = PartyOn/Info.plist;
				LD_RUNPATH_SEARCH_PATHS = "$(inherited) @executable_path/Frameworks";
				PRODUCT_BUNDLE_IDENTIFIER = teamname.PartyOn;
				PRODUCT_NAME = "$(TARGET_NAME)";
			};
			name = Release;
		};
		EFAFB02E1D0A33E5009B222A /* Debug */ = {
			isa = XCBuildConfiguration;
			buildSettings = {
				BUNDLE_LOADER = "$(TEST_HOST)";
				INFOPLIST_FILE = PartyOnTests/Info.plist;
				LD_RUNPATH_SEARCH_PATHS = "$(inherited) @executable_path/Frameworks @loader_path/Frameworks";
				PRODUCT_BUNDLE_IDENTIFIER = teamname.PartyOnTests;
				PRODUCT_NAME = "$(TARGET_NAME)";
				TEST_HOST = "$(BUILT_PRODUCTS_DIR)/PartyOn.app/PartyOn";
			};
			name = Debug;
		};
		EFAFB02F1D0A33E5009B222A /* Release */ = {
			isa = XCBuildConfiguration;
			buildSettings = {
				BUNDLE_LOADER = "$(TEST_HOST)";
				INFOPLIST_FILE = PartyOnTests/Info.plist;
				LD_RUNPATH_SEARCH_PATHS = "$(inherited) @executable_path/Frameworks @loader_path/Frameworks";
				PRODUCT_BUNDLE_IDENTIFIER = teamname.PartyOnTests;
				PRODUCT_NAME = "$(TARGET_NAME)";
				TEST_HOST = "$(BUILT_PRODUCTS_DIR)/PartyOn.app/PartyOn";
			};
			name = Release;
		};
/* End XCBuildConfiguration section */

/* Begin XCConfigurationList section */
		EFAFB0061D0A33E4009B222A /* Build configuration list for PBXProject "PartyOn" */ = {
			isa = XCConfigurationList;
			buildConfigurations = (
				EFAFB0281D0A33E5009B222A /* Debug */,
				EFAFB0291D0A33E5009B222A /* Release */,
			);
			defaultConfigurationIsVisible = 0;
			defaultConfigurationName = Release;
		};
		EFAFB02A1D0A33E5009B222A /* Build configuration list for PBXNativeTarget "PartyOn" */ = {
			isa = XCConfigurationList;
			buildConfigurations = (
				EFAFB02B1D0A33E5009B222A /* Debug */,
				EFAFB02C1D0A33E5009B222A /* Release */,
			);
			defaultConfigurationIsVisible = 0;
		};
		EFAFB02D1D0A33E5009B222A /* Build configuration list for PBXNativeTarget "PartyOnTests" */ = {
			isa = XCConfigurationList;
			buildConfigurations = (
				EFAFB02E1D0A33E5009B222A /* Debug */,
				EFAFB02F1D0A33E5009B222A /* Release */,
			);
			defaultConfigurationIsVisible = 0;
		};
/* End XCConfigurationList section */
	};
	rootObject = EFAFB0031D0A33E4009B222A /* Project object */;
}
